
Microsoft Visual Studio Solution File, Format Version 12.00
# Visual Studio Version 17
VisualStudioVersion = 17.9.34607.119
MinimumVisualStudioVersion = 10.0.40219.1
Project("{FAE04EC0-301F-11D3-BF4B-00C04F79EFBC}") = "Prototype-Capstone", "Prototype-Capstone\Prototype-Capstone.csproj", "{D56E1C05-CE38-488D-90EA-AA6008D8C9F3}"
EndProject
Global
	GlobalSection(SolutionConfigurationPlatforms) = preSolution
		Debug|Any CPU = Debug|Any CPU
		Release|Any CPU = Release|Any CPU
	EndGlobalSection
	GlobalSection(ProjectConfigurationPlatforms) = postSolution
		{D56E1C05-CE38-488D-90EA-AA6008D8C9F3}.Debug|Any CPU.ActiveCfg = Debug|Any CPU
		{D56E1C05-CE38-488D-90EA-AA6008D8C9F3}.Debug|Any CPU.Build.0 = Debug|Any CPU
		{D56E1C05-CE38-488D-90EA-AA6008D8C9F3}.Release|Any CPU.ActiveCfg = Release|Any CPU
		{D56E1C05-CE38-488D-90EA-AA6008D8C9F3}.Release|Any CPU.Build.0 = Release|Any CPU
	EndGlobalSection
	GlobalSection(SolutionProperties) = preSolution
		HideSolutionNode = FALSE
	EndGlobalSection
	GlobalSection(ExtensibilityGlobals) = postSolution
		SolutionGuid = {6EA3F86E-F1FD-4E84-A24A-71393E7197BB}
	EndGlobalSection
EndGlobal
